
Microsoft Visual Studio Solution File, Format Version 12.00
# Visual Studio Version 16
VisualStudioVersion = 25.0.1706.7
MinimumVisualStudioVersion = 10.0.40219.1
Project("{FAE04EC0-301F-11D3-BF4B-00C04F79EFBC}") = "CSnake", "CSnake\CSnake.csproj", "{682CF77E-F20B-4C6C-B7DF-F86BFCCD84E2}"
EndProject
Global
	GlobalSection(SolutionConfigurationPlatforms) = preSolution
		Debug|Any CPU = Debug|Any CPU
		Release|Any CPU = Release|Any CPU
	EndGlobalSection
	GlobalSection(ProjectConfigurationPlatforms) = postSolution
		{682CF77E-F20B-4C6C-B7DF-F86BFCCD84E2}.Debug|Any CPU.ActiveCfg = Debug|Any CPU
		{682CF77E-F20B-4C6C-B7DF-F86BFCCD84E2}.Debug|Any CPU.Build.0 = Debug|Any CPU
		{682CF77E-F20B-4C6C-B7DF-F86BFCCD84E2}.Release|Any CPU.ActiveCfg = Release|Any CPU
		{682CF77E-F20B-4C6C-B7DF-F86BFCCD84E2}.Release|Any CPU.Build.0 = Release|Any CPU
		{1E414F5D-9FD6-4126-A38E-161805DA44D2}.Debug|Any CPU.ActiveCfg = Debug|Any CPU
		{1E414F5D-9FD6-4126-A38E-161805DA44D2}.Debug|Any CPU.Build.0 = Debug|Any CPU
		{1E414F5D-9FD6-4126-A38E-161805DA44D2}.Release|Any CPU.ActiveCfg = Release|Any CPU
		{1E414F5D-9FD6-4126-A38E-161805DA44D2}.Release|Any CPU.Build.0 = Release|Any CPU
	EndGlobalSection
	GlobalSection(SolutionProperties) = preSolution
		HideSolutionNode = FALSE
	EndGlobalSection
	GlobalSection(ExtensibilityGlobals) = postSolution
		SolutionGuid = {F84E38DE-75CC-4126-A50F-157DECEF716A}
	EndGlobalSection
EndGlobal
